
Microsoft Visual Studio Solution File, Format Version 12.00
Project("{FAE04EC0-301F-11D3-BF4B-00C04F79EFBC}") = "Management.Services", "Management.Services\Management.Services.csproj", "{395A6A22-E232-493E-BE3A-54EF7CB3F0B0}"
EndProject
Global
	GlobalSection(SolutionConfigurationPlatforms) = preSolution
		Debug|Any CPU = Debug|Any CPU
		Release|Any CPU = Release|Any CPU
	EndGlobalSection
	GlobalSection(ProjectConfigurationPlatforms) = postSolution
		{395A6A22-E232-493E-BE3A-54EF7CB3F0B0}.Debug|Any CPU.ActiveCfg = Debug|Any CPU
		{395A6A22-E232-493E-BE3A-54EF7CB3F0B0}.Debug|Any CPU.Build.0 = Debug|Any CPU
		{395A6A22-E232-493E-BE3A-54EF7CB3F0B0}.Release|Any CPU.ActiveCfg = Release|Any CPU
		{395A6A22-E232-493E-BE3A-54EF7CB3F0B0}.Release|Any CPU.Build.0 = Release|Any CPU
	EndGlobalSection
EndGlobal
