
Microsoft Visual Studio Solution File, Format Version 12.00
Project("{FAE04EC0-301F-11D3-BF4B-00C04F79EFBC}") = "Identity.Services", "Identity.Services\Identity.Services.csproj", "{4C0B44DD-3C20-4240-B8F0-2CDC5FA81EEF}"
EndProject
Global
	GlobalSection(SolutionConfigurationPlatforms) = preSolution
		Debug|Any CPU = Debug|Any CPU
		Release|Any CPU = Release|Any CPU
	EndGlobalSection
	GlobalSection(ProjectConfigurationPlatforms) = postSolution
		{4C0B44DD-3C20-4240-B8F0-2CDC5FA81EEF}.Debug|Any CPU.ActiveCfg = Debug|Any CPU
		{4C0B44DD-3C20-4240-B8F0-2CDC5FA81EEF}.Debug|Any CPU.Build.0 = Debug|Any CPU
		{4C0B44DD-3C20-4240-B8F0-2CDC5FA81EEF}.Release|Any CPU.ActiveCfg = Release|Any CPU
		{4C0B44DD-3C20-4240-B8F0-2CDC5FA81EEF}.Release|Any CPU.Build.0 = Release|Any CPU
	EndGlobalSection
EndGlobal
