
Microsoft Visual Studio Solution File, Format Version 12.00
Project("{FAE04EC0-301F-11D3-BF4B-00C04F79EFBC}") = "UserManagement.Services", "UserManagement.Services\UserManagement.Services.csproj", "{2F7FE5BD-BF21-4DA0-84DD-77B5F784781B}"
EndProject
Global
	GlobalSection(SolutionConfigurationPlatforms) = preSolution
		Debug|Any CPU = Debug|Any CPU
		Release|Any CPU = Release|Any CPU
	EndGlobalSection
	GlobalSection(ProjectConfigurationPlatforms) = postSolution
		{2F7FE5BD-BF21-4DA0-84DD-77B5F784781B}.Debug|Any CPU.ActiveCfg = Debug|Any CPU
		{2F7FE5BD-BF21-4DA0-84DD-77B5F784781B}.Debug|Any CPU.Build.0 = Debug|Any CPU
		{2F7FE5BD-BF21-4DA0-84DD-77B5F784781B}.Release|Any CPU.ActiveCfg = Release|Any CPU
		{2F7FE5BD-BF21-4DA0-84DD-77B5F784781B}.Release|Any CPU.Build.0 = Release|Any CPU
	EndGlobalSection
EndGlobal
